
Microsoft Visual Studio Solution File, Format Version 12.00
# Visual Studio Version 17
VisualStudioVersion = 17.4.33205.214
MinimumVisualStudioVersion = 10.0.40219.1
Project("{FAE04EC0-301F-11D3-BF4B-00C04F79EFBC}") = "PersonLab", "PersonLab\PersonLab.csproj", "{60241D29-400C-486D-9204-A58FF5C6E528}"
EndProject
Global
	GlobalSection(SolutionConfigurationPlatforms) = preSolution
		Debug|Any CPU = Debug|Any CPU
		Release|Any CPU = Release|Any CPU
	EndGlobalSection
	GlobalSection(ProjectConfigurationPlatforms) = postSolution
		{60241D29-400C-486D-9204-A58FF5C6E528}.Debug|Any CPU.ActiveCfg = Debug|Any CPU
		{60241D29-400C-486D-9204-A58FF5C6E528}.Debug|Any CPU.Build.0 = Debug|Any CPU
		{60241D29-400C-486D-9204-A58FF5C6E528}.Release|Any CPU.ActiveCfg = Release|Any CPU
		{60241D29-400C-486D-9204-A58FF5C6E528}.Release|Any CPU.Build.0 = Release|Any CPU
	EndGlobalSection
	GlobalSection(SolutionProperties) = preSolution
		HideSolutionNode = FALSE
	EndGlobalSection
	GlobalSection(ExtensibilityGlobals) = postSolution
		SolutionGuid = {0EE61DD7-935B-40C7-8E7C-44D2D5F6F3EA}
	EndGlobalSection
EndGlobal
